hash: 9d05cdd9d3fe01e01a820eb6b7efd7adc66ee78a353c6ab34ce478f1a9d3a08d
updated: 2017-01-25T15:05:24.559610579-06:00
imports:
- name: github.com/beorn7/perks
  version: 4c0e84591b9aa9e6dcfdf3e020114cd81f89d5f9
  subpackages:
  - quantile
- name: github.com/cloudflare/cfssl
  version: db0d0650b6496bfe8061ec56a92edd32d8e75c30
  subpackages:
  - api
  - api/client
  - auth
  - certdb
  - cli
  - cli/genkey
  - config
  - crypto/pkcs7
  - csr
  - errors
  - helpers
  - helpers/derhelpers
  - info
  - initca
  - log
  - ocsp/config
  - signer
  - signer/local
  - signer/remote
  - signer/universal
- name: github.com/cloudfoundry/gosigar
  version: dfaa4d491586af21e1ce06028df3926389a99654
- name: github.com/danwakefield/fnmatch
  version: cbb64ac3d964b81592e64f957ad53df015803288
- name: github.com/docker/go-connections
  version: eb315e36415380e7c2fdee175262560ff42359da
  subpackages:
  - sockets
- name: github.com/docker/go-plugins-helpers
  version: 242fb7c5a74f9a227a72b4acedeb564ffefecaa3
  subpackages:
  - sdk
- name: github.com/getcfs/fuse
  version: 62e41a2cf5f19f0623297e9030b6bc1d7877e798
  subpackages:
  - fuseutil
- name: github.com/gholt/blackfridaytext
  version: b10b9c02cdcb39c8b0664db48307b0b5bb9be4af
- name: github.com/gholt/brimio
  version: 0410b7dda648849494d71aa61d90b64ded16a789
- name: github.com/gholt/brimtext
  version: 76710fe6ae3884c59dbd0b33623eb47ed6e27c98
- name: github.com/gholt/brimtime
  version: 19b9fd546f7797616687d3d53e413cbfd6458dcd
- name: github.com/gholt/cpcp
  version: 47e1b424f176988c5ecb4bd3573e4eccdab5edfc
- name: github.com/gholt/dudu
  version: 8bf94e21c5be42c2c417c083e84957e7bec79606
- name: github.com/gholt/findfind
  version: 30fb273866022b886993d72acc510e357b1fcad3
- name: github.com/gholt/locmap
  version: 53865c9745c7d5088813b716985b52c328960a8e
- name: github.com/gholt/ring
  version: 8e062b87ac769d7e2b67734d80d4d879d2be85dd
- name: github.com/gholt/store
  version: a32f6838c8df87134fc0c4312f05b14bf4a8ac92
- name: github.com/gogo/protobuf
  version: 909568be09de550ed094403c2bf8a261b5bb730a
  subpackages:
  - proto
- name: github.com/golang/protobuf
  version: 8ee79997227bf9b34611aee7946ae64735e6fd93
  subpackages:
  - proto
- name: github.com/google/certificate-transparency
  version: 6e5648d13b43cdde25cc8274b87675230ffefbd6
  repo: https://github.com/google/certificate-transparency
  subpackages:
  - go
  - go/asn1
  - go/client
  - go/x509
  - go/x509/pkix
- name: github.com/grpc-ecosystem/go-grpc-prometheus
  version: 6b7015e65d366bf3f19b2b2a000a831940f0f7e0
- name: github.com/matttproud/golang_protobuf_extensions
  version: c12348ce28de40eed0136aa2b644d0ee0650e56c
  subpackages:
  - pbutil
- name: github.com/Microsoft/go-winio
  version: 307e919c663683a9000576fdc855acaf9534c165
- name: github.com/mreiferson/go-httpclient
  version: 63fe23f7434723dc904c901043af07931f293c47
  repo: https://github.com/mreiferson/go-httpclient
- name: github.com/prometheus/client_golang
  version: c5b7fccd204277076155f10851dad72b76a49317
  subpackages:
  - prometheus
- name: github.com/prometheus/client_model
  version: fa8ad6fec33561be4280a8f0514318c79d7f6cb6
  subpackages:
  - go
- name: github.com/prometheus/common
  version: dd2f054febf4a6c00f2343686efb775948a8bff4
  subpackages:
  - expfmt
  - internal/bitbucket.org/ww/goautoneg
  - log
  - model
- name: github.com/prometheus/procfs
  version: fcdb11ccb4389efb1b210b7ffb623ab71c5fdd60
- name: github.com/ricochet2200/go-disk-usage
  version: f0d1b743428fc09792f93233d9412f89f88fa2ab
  subpackages:
  - du
- name: github.com/russross/blackfriday
  version: 5f33e7b7878355cd2b7e6b8eefc48a5472c69f70
- name: github.com/satori/go.uuid
  version: 879c5887cd475cd7864858769793b2ceb0d44feb
- name: github.com/shurcooL/sanitized_anchor_name
  version: 1dba4b3954bc059efc3991ec364f9f9a35f597d2
- name: github.com/Sirupsen/logrus
  version: 61e43dc76f7ee59a82bdf3d71033dc12bea4c77d
- name: github.com/spaolacci/murmur3
  version: 0d12bf811670bf6a1a63828dfbd003eded177fce
- name: github.com/uber-go/atomic
  version: 3b8db5e93c4c02efbc313e17b2e796b0914a01fb
- name: github.com/uber-go/zap
  version: a5783ee4b216a927da8f839c45cfbf9d694e1467
- name: golang.org/x/crypto
  version: 1f22c0103821b9390939b6776727195525381532
  subpackages:
  - pkcs12
  - pkcs12/internal/rc2
  - ssh/terminal
- name: golang.org/x/net
  version: f2499483f923065a842d38eb4c7f1927e6fc6e6d
  subpackages:
  - context
  - http2
  - http2/hpack
  - idna
  - internal/timeseries
  - lex/httplex
  - proxy
  - trace
- name: golang.org/x/sys
  version: d75a52659825e75fff6158388dddc6a5b04f9ba5
  subpackages:
  - unix
  - windows
  - windows/registry
  - windows/svc/eventlog
- name: google.golang.org/grpc
  version: 708a7f9f3283aa2d4f6132d287d78683babe55c8
  subpackages:
  - codes
  - credentials
  - grpclog
  - internal
  - metadata
  - naming
  - peer
  - stats
  - tap
  - transport
testImports: []
