hash: a797e626fa5578d80854690541f427aac42282fde9a74bf4171d865a614d51bc
updated: 2016-07-27T15:32:14.851832418-05:00
imports:
- name: github.com/beevik/ntp
  version: ffa6a6b2b44e0c89e670f3588b6ffbda765fb686
- name: github.com/beorn7/perks
  version: ffa6a6b2b44e0c89e670f3588b6ffbda765fb686
  subpackages:
  - quantile
- name: github.com/BurntSushi/toml
  version: 99064174e013895bbd9b025c31100bd1d9b590ca
- name: github.com/cloudfoundry/gosigar
  version: ffa6a6b2b44e0c89e670f3588b6ffbda765fb686
- name: github.com/coreos/go-systemd
  version: ffa6a6b2b44e0c89e670f3588b6ffbda765fb686
  subpackages:
  - activation
  - util
  - dbus
- name: github.com/coreos/pkg
  version: ffa6a6b2b44e0c89e670f3588b6ffbda765fb686
  subpackages:
  - dlopen
- name: github.com/docker/go-connections
  version: ffa6a6b2b44e0c89e670f3588b6ffbda765fb686
  subpackages:
  - sockets
- name: github.com/docker/go-plugins-helpers
  version: dd9c6831a796ea025dfae8448d6a34d081b99898
  subpackages:
  - sdk
- name: github.com/getcfs/fuse
  version: 62e41a2cf5f19f0623297e9030b6bc1d7877e798
  subpackages:
  - fuseutil
- name: github.com/gholt/blackfridaytext
  version: ffa6a6b2b44e0c89e670f3588b6ffbda765fb686
- name: github.com/gholt/brimio
  version: ffa6a6b2b44e0c89e670f3588b6ffbda765fb686
- name: github.com/gholt/brimtext
  version: 76710fe6ae3884c59dbd0b33623eb47ed6e27c98
- name: github.com/gholt/brimtime
  version: 19b9fd546f7797616687d3d53e413cbfd6458dcd
- name: github.com/gholt/flog
  version: 79b6c4ef667a5fbc638c10a814884d07dcd14ffc
- name: github.com/gholt/locmap
  version: ffa6a6b2b44e0c89e670f3588b6ffbda765fb686
- name: github.com/gholt/ring
  version: 1d0ccd072a78616d2f59e47c400bb536ed2c3565
- name: github.com/gholt/store
  version: 5dd8acffa71c6271e62980cca56a7f7a8844ee02
- name: github.com/go-ole/go-ole
  version: ffa6a6b2b44e0c89e670f3588b6ffbda765fb686
  subpackages:
  - oleutil
- name: github.com/godbus/dbus
  version: ffa6a6b2b44e0c89e670f3588b6ffbda765fb686
- name: github.com/gogo/protobuf
  version: 545ec3b6c2e4da8fb48978f361987c1fb8fdb693
  subpackages:
  - proto
- name: github.com/golang/protobuf
  version: c3cefd437628a0b7d31b34fe44b3a7a540e98527
  subpackages:
  - proto
- name: github.com/inconshreveable/go-update
  version: ffa6a6b2b44e0c89e670f3588b6ffbda765fb686
  subpackages:
  - internal/binarydist
  - internal/osext
- name: github.com/kolo/xmlrpc
  version: ffa6a6b2b44e0c89e670f3588b6ffbda765fb686
- name: github.com/matttproud/golang_protobuf_extensions
  version: ffa6a6b2b44e0c89e670f3588b6ffbda765fb686
  subpackages:
  - pbutil
- name: github.com/Microsoft/go-winio
  version: ffa6a6b2b44e0c89e670f3588b6ffbda765fb686
- name: github.com/opencontainers/runc
  version: ffa6a6b2b44e0c89e670f3588b6ffbda765fb686
  subpackages:
  - libcontainer/user
- name: github.com/pandemicsyn/cmdctrl
  version: 37f39dc5cb1ad7209c92ccb81e40929a95b641d0
  subpackages:
  - api
- name: github.com/pandemicsyn/ftls
  version: 6f1dfe4d7dff637246eb5c450d06ac75db62a923
- name: github.com/pandemicsyn/node_exporter
  version: 0294cedb0563d9923f8a5afa893c89e21fbb272b
  subpackages:
  - collector
  - collector/ganglia
- name: github.com/peterh/liner
  version: 8975875355a81d612fafb9f5a6037bdcc2d9b073
- name: github.com/pkg/profile
  version: 7b053ad66e2a49baca9cc97b982dcea0e182bda4
- name: github.com/prometheus/client_golang
  version: 28be15864ef9ba05d74fa6fd13b928fd250e8f01
  subpackages:
  - prometheus
- name: github.com/prometheus/client_model
  version: ffa6a6b2b44e0c89e670f3588b6ffbda765fb686
  subpackages:
  - go
- name: github.com/prometheus/common
  version: ffa6a6b2b44e0c89e670f3588b6ffbda765fb686
  subpackages:
  - expfmt
  - log
  - internal/bitbucket.org/ww/goautoneg
  - model
- name: github.com/prometheus/procfs
  version: ffa6a6b2b44e0c89e670f3588b6ffbda765fb686
- name: github.com/ricochet2200/go-disk-usage
  version: ffa6a6b2b44e0c89e670f3588b6ffbda765fb686
  subpackages:
  - du
- name: github.com/russross/blackfriday
  version: ffa6a6b2b44e0c89e670f3588b6ffbda765fb686
- name: github.com/satori/go.uuid
  version: 0aa62d5ddceb50dbcb909d790b5345affd3669b6
- name: github.com/shirou/gopsutil
  version: 4d0c402af66c78735c5ccf820dc2ca7de5e4ff08
  subpackages:
  - disk
  - mem
  - internal/common
- name: github.com/shurcooL/sanitized_anchor_name
  version: ffa6a6b2b44e0c89e670f3588b6ffbda765fb686
- name: github.com/Sirupsen/logrus
  version: a283a10442df8dc09befd873fab202bf8a253d6a
- name: github.com/soundcloud/go-runit
  version: ffa6a6b2b44e0c89e670f3588b6ffbda765fb686
  subpackages:
  - runit
- name: github.com/spaolacci/murmur3
  version: 0d12bf811670bf6a1a63828dfbd003eded177fce
- name: github.com/StackExchange/wmi
  version: ffa6a6b2b44e0c89e670f3588b6ffbda765fb686
- name: golang.org/x/crypto
  version: ffa6a6b2b44e0c89e670f3588b6ffbda765fb686
  subpackages:
  - ssh/terminal
- name: golang.org/x/net
  version: 6a513affb38dc9788b449d59ffed099b8de18fa0
  subpackages:
  - context
  - http2
  - trace
  - http2/hpack
  - lex/httplex
  - internal/timeseries
  - proxy
- name: golang.org/x/sys
  version: ffa6a6b2b44e0c89e670f3588b6ffbda765fb686
  subpackages:
  - unix
  - windows
- name: google.golang.org/grpc
  version: 6732fdf9f82f3f11c1b7326e4a23efbb0738788e
  subpackages:
  - codes
  - credentials
  - grpclog
  - metadata
  - peer
  - internal
  - naming
  - transport
- name: gopkg.in/urfave/cli.v2
  version: ee2e8aa5b22f55f006c27fd35765c62249a39aad
devImports: []
